
Microsoft Visual Studio Solution File, Format Version 12.00
# Visual Studio 15
VisualStudioVersion = 15.0.26730.16
MinimumVisualStudioVersion = 10.0.40219.1
Project("{8BC9CEB8-8B4A-11D0-8D11-00A0C91BC942}") = "teraleader_CPP", "teraleader_CPP\teraleader_CPP.vcxproj", "{1AF48BA7-AB4B-42A6-BD92-61B3B64EBC87}"
EndProject
Global
	GlobalSection(SolutionConfigurationPlatforms) = preSolution
		Debug|x64 = Debug|x64
		Debug|x86 = Debug|x86
		Release|x64 = Release|x64
		Release|x86 = Release|x86
	EndGlobalSection
	GlobalSection(ProjectConfigurationPlatforms) = postSolution
		{1AF48BA7-AB4B-42A6-BD92-61B3B64EBC87}.Debug|x64.ActiveCfg = Debug|x64
		{1AF48BA7-AB4B-42A6-BD92-61B3B64EBC87}.Debug|x64.Build.0 = Debug|x64
		{1AF48BA7-AB4B-42A6-BD92-61B3B64EBC87}.Debug|x86.ActiveCfg = Debug|Win32
		{1AF48BA7-AB4B-42A6-BD92-61B3B64EBC87}.Debug|x86.Build.0 = Debug|Win32
		{1AF48BA7-AB4B-42A6-BD92-61B3B64EBC87}.Release|x64.ActiveCfg = Release|x64
		{1AF48BA7-AB4B-42A6-BD92-61B3B64EBC87}.Release|x64.Build.0 = Release|x64
		{1AF48BA7-AB4B-42A6-BD92-61B3B64EBC87}.Release|x86.ActiveCfg = Release|Win32
		{1AF48BA7-AB4B-42A6-BD92-61B3B64EBC87}.Release|x86.Build.0 = Release|Win32
	EndGlobalSection
	GlobalSection(SolutionProperties) = preSolution
		HideSolutionNode = FALSE
	EndGlobalSection
	GlobalSection(ExtensibilityGlobals) = postSolution
		SolutionGuid = {3377D1A3-20AE-4177-96EB-6AEBF7320FB7}
	EndGlobalSection
EndGlobal
